
Microsoft Visual Studio Solution File, Format Version 12.00
# Visual Studio Version 17
VisualStudioVersion = 17.2.32526.322
MinimumVisualStudioVersion = 10.0.40219.1
Project("{FAE04EC0-301F-11D3-BF4B-00C04F79EFBC}") = "WinLossCounter", "WinLossCounter\WinLossCounter.csproj", "{8E36AF9F-D144-4AF5-A66F-23415453465E}"
EndProject
Global
	GlobalSection(SolutionConfigurationPlatforms) = preSolution
		Debug|Any CPU = Debug|Any CPU
		Release|Any CPU = Release|Any CPU
	EndGlobalSection
	GlobalSection(ProjectConfigurationPlatforms) = postSolution
		{8E36AF9F-D144-4AF5-A66F-23415453465E}.Debug|Any CPU.ActiveCfg = Debug|Any CPU
		{8E36AF9F-D144-4AF5-A66F-23415453465E}.Debug|Any CPU.Build.0 = Debug|Any CPU
		{8E36AF9F-D144-4AF5-A66F-23415453465E}.Release|Any CPU.ActiveCfg = Release|Any CPU
		{8E36AF9F-D144-4AF5-A66F-23415453465E}.Release|Any CPU.Build.0 = Release|Any CPU
	EndGlobalSection
	GlobalSection(SolutionProperties) = preSolution
		HideSolutionNode = FALSE
	EndGlobalSection
	GlobalSection(ExtensibilityGlobals) = postSolution
		SolutionGuid = {C517351B-5E95-4EEB-A2DE-9EA5AC22B27C}
	EndGlobalSection
EndGlobal
